// !$*UTF8*$!
{
	archiveVersion = 1;
	classes = {
	};
	objectVersion = 50;
	objects = {

/* Begin PBXBuildFile section */
		FCF0A9672796DDED00C75D23 /* AppDelegate.swift in Sources */ = {isa = PBXBuildFile; fileRef = FCF0A9662796DDED00C75D23 /* AppDelegate.swift */; };
		FCF0A9692796DDED00C75D23 /* SceneDelegate.swift in Sources */ = {isa = PBXBuildFile; fileRef = FCF0A9682796DDED00C75D23 /* SceneDelegate.swift */; };
		FCF0A96B2796DDED00C75D23 /* ViewController.swift in Sources */ = {isa = PBXBuildFile; fileRef = FCF0A96A2796DDED00C75D23 /* ViewController.swift */; };
		FCF0A96E2796DDED00C75D23 /* Main.storyboard in Resources */ = {isa = PBXBuildFile; fileRef = FCF0A96C2796DDED00C75D23 /* Main.storyboard */; };
		FCF0A9702796DDEF00C75D23 /* Assets.xcassets in Resources */ = {isa = PBXBuildFile; fileRef = FCF0A96F2796DDEF00C75D23 /* Assets.xcassets */; };
		FCF0A9732796DDEF00C75D23 /* LaunchScreen.storyboard in Resources */ = {isa = PBXBuildFile; fileRef = FCF0A9712796DDEF00C75D23 /* LaunchScreen.storyboard */; };
/* End PBXBuildFile section */

/* Begin PBXFileReference section */
		FCF0A9632796DDED00C75D23 /* CoupleTool.app */ = {isa = PBXFileReference; explicitFileType = wrapper.application; includeInIndex = 0; path = CoupleTool.app; sourceTree = BUILT_PRODUCTS_DIR; };
		FCF0A9662796DDED00C75D23 /* AppDelegate.swift */ = {isa = PBXFileReference; lastKnownFileType = sourcecode.swift; path = AppDelegate.swift; sourceTree = "<group>"; };
		FCF0A9682796DDED00C75D23 /* SceneDelegate.swift */ = {isa = PBXFileReference; lastKnownFileType = sourcecode.swift; path = SceneDelegate.swift; sourceTree = "<group>"; };
		FCF0A96A2796DDED00C75D23 /* ViewController.swift */ = {isa = PBXFileReference; lastKnownFileType = sourcecode.swift; path = ViewController.swift; sourceTree = "<group>"; };
		FCF0A96D2796DDED00C75D23 /* Base */ = {isa = PBXFileReference; lastKnownFileType = file.storyboard; name = Base; path = Base.lproj/Main.storyboard; sourceTree = "<group>"; };
		FCF0A96F2796DDEF00C75D23 /* Assets.xcassets */ = {isa = PBXFileReference; lastKnownFileType = folder.assetcatalog; path = Assets.xcassets; sourceTree = "<group>"; };
		FCF0A9722796DDEF00C75D23 /* Base */ = {isa = PBXFileReference; lastKnownFileType = file.storyboard; name = Base; path = Base.lproj/LaunchScreen.storyboard; sourceTree = "<group>"; };
		FCF0A9742796DDEF00C75D23 /* Info.plist */ = {isa = PBXFileReference; lastKnownFileType = text.plist.xml; path = Info.plist; sourceTree = "<group>"; };
/* End PBXFileReference section */

/* Begin PBXFrameworksBuildPhase section */
		FCF0A9602796DDED00C75D23 /* Frameworks */ = {
			isa = PBXFrameworksBuildPhase;
			buildActionMask = 2147483647;
			files = (
			);
			runOnlyForDeploymentPostprocessing = 0;
		};
/* End PBXFrameworksBuildPhase section */

/* Begin PBXGroup section */
		FCF0A95A2796DDED00C75D23 = {
			isa = PBXGroup;
			children = (
				FCF0A9652796DDED00C75D23 /* CoupleTool */,
				FCF0A9642796DDED00C75D23 /* Products */,
			);
			sourceTree = "<group>";
		};
		FCF0A9642796DDED00C75D23 /* Products */ = {
			isa = PBXGroup;
			children = (
				FCF0A9632796DDED00C75D23 /* CoupleTool.app */,
			);
			name = Products;
			sourceTree = "<group>";
		};
		FCF0A9652796DDED00C75D23 /* CoupleTool */ = {
			isa = PBXGroup;
			children = (
				FCF0A9662796DDED00C75D23 /* AppDelegate.swift */,
				FCF0A9682796DDED00C75D23 /* SceneDelegate.swift */,
				FCF0A96A2796DDED00C75D23 /* ViewController.swift */,
				FCF0A96C2796DDED00C75D23 /* Main.storyboard */,
				FCF0A96F2796DDEF00C75D23 /* Assets.xcassets */,
				FCF0A9712796DDEF00C75D23 /* LaunchScreen.storyboard */,
				FCF0A9742796DDEF00C75D23 /* Info.plist */,
			);
			path = CoupleTool;
			sourceTree = "<group>";
		};
/* End PBXGroup section */

/* Begin PBXNativeTarget section */
		FCF0A9622796DDED00C75D23 /* CoupleTool */ = {
			isa = PBXNativeTarget;
			buildConfigurationList = FCF0A9772796DDEF00C75D23 /* Build configuration list for PBXNativeTarget "CoupleTool" */;
			buildPhases = (
				FCF0A95F2796DDED00C75D23 /* Sources */,
				FCF0A9602796DDED00C75D23 /* Frameworks */,
				FCF0A9612796DDED00C75D23 /* Resources */,
			);
			buildRules = (
			);
			dependencies = (
			);
			name = CoupleTool;
			productName = CoupleTool;
			productReference = FCF0A9632796DDED00C75D23 /* CoupleTool.app */;
			productType = "com.apple.product-type.application";
		};
/* End PBXNativeTarget section */

/* Begin PBXProject section */
		FCF0A95B2796DDED00C75D23 /* Project object */ = {
			isa = PBXProject;
			attributes = {
				LastSwiftUpdateCheck = 1150;
				LastUpgradeCheck = 1150;
				ORGANIZATIONNAME = com.irene;
				TargetAttributes = {
					FCF0A9622796DDED00C75D23 = {
						CreatedOnToolsVersion = 11.5;
					};
				};
			};
			buildConfigurationList = FCF0A95E2796DDED00C75D23 /* Build configuration list for PBXProject "CoupleTool" */;
			compatibilityVersion = "Xcode 9.3";
			developmentRegion = en;
			hasScannedForEncodings = 0;
			knownRegions = (
				en,
				Base,
			);
			mainGroup = FCF0A95A2796DDED00C75D23;
			productRefGroup = FCF0A9642796DDED00C75D23 /* Products */;
			projectDirPath = "";
			projectRoot = "";
			targets = (
				FCF0A9622796DDED00C75D23 /* CoupleTool */,
			);
		};
/* End PBXProject section */

/* Begin PBXResourcesBuildPhase section */
		FCF0A9612796DDED00C75D23 /* Resources */ = {
			isa = PBXResourcesBuildPhase;
			buildActionMask = 2147483647;
			files = (
				FCF0A9732796DDEF00C75D23 /* LaunchScreen.storyboard in Resources */,
				FCF0A9702796DDEF00C75D23 /* Assets.xcassets in Resources */,
				FCF0A96E2796DDED00C75D23 /* Main.storyboard in Resources */,
			);
			runOnlyForDeploymentPostprocessing = 0;
		};
/* End PBXResourcesBuildPhase section */

/* Begin PBXSourcesBuildPhase section */
		FCF0A95F2796DDED00C75D23 /* Sources */ = {
			isa = PBXSourcesBuildPhase;
			buildActionMask = 2147483647;
			files = (
				FCF0A96B2796DDED00C75D23 /* ViewController.swift in Sources */,
				FCF0A9672796DDED00C75D23 /* AppDelegate.swift in Sources */,
				FCF0A9692796DDED00C75D23 /* SceneDelegate.swift in Sources */,
			);
			runOnlyForDeploymentPostprocessing = 0;
		};
/* End PBXSourcesBuildPhase section */

/* Begin PBXVariantGroup section */
		FCF0A96C2796DDED00C75D23 /* Main.storyboard */ = {
			isa = PBXVariantGroup;
			children = (
				FCF0A96D2796DDED00C75D23 /* Base */,
			);
			name = Main.storyboard;
			sourceTree = "<group>";
		};
		FCF0A9712796DDEF00C75D23 /* LaunchScreen.storyboard */ = {
			isa = PBXVariantGroup;
			children = (
				FCF0A9722796DDEF00C75D23 /* Base */,
			);
			name = LaunchScreen.storyboard;
			sourceTree = "<group>";
		};
/* End PBXVariantGroup section */

/* Begin XCBuildConfiguration section */
		FCF0A9752796DDEF00C75D23 /* Debug */ = {
			isa = XCBuildConfiguration;
			buildSettings = {
				ALWAYS_SEARCH_USER_PATHS = NO;
				CLANG_ANALYZER_NONNULL = YES;
				CLANG_ANALYZER_NUMBER_OBJECT_CONVERSION = YES_AGGRESSIVE;
				CLANG_CXX_LANGUAGE_STANDARD = "gnu++14";
				CLANG_CXX_LIBRARY = "libc++";
				CLANG_ENABLE_MODULES = YES;
				CLANG_ENABLE_OBJC_ARC = YES;
				CLANG_ENABLE_OBJC_WEAK = YES;
				CLANG_WARN_BLOCK_CAPTURE_AUTORELEASING = YES;
				CLANG_WARN_BOOL_CONVERSION = YES;
				CLANG_WARN_COMMA = YES;
				CLANG_WARN_CONSTANT_CONVERSION = YES;
				CLANG_WARN_DEPRECATED_OBJC_IMPLEMENTATIONS = YES;
				CLANG_WARN_DIRECT_OBJC_ISA_USAGE = YES_ERROR;
				CLANG_WARN_DOCUMENTATION_COMMENTS = YES;
				CLANG_WARN_EMPTY_BODY = YES;
				CLANG_WARN_ENUM_CONVERSION = YES;
				CLANG_WARN_INFINITE_RECURSION = YES;
				CLANG_WARN_INT_CONVERSION = YES;
				CLANG_WARN_NON_LITERAL_NULL_CONVERSION = YES;
				CLANG_WARN_OBJC_IMPLICIT_RETAIN_SELF = YES;
				CLANG_WARN_OBJC_LITERAL_CONVERSION = YES;
				CLANG_WARN_OBJC_ROOT_CLASS = YES_ERROR;
				CLANG_WARN_RANGE_LOOP_ANALYSIS = YES;
				CLANG_WARN_STRICT_PROTOTYPES = YES;
				CLANG_WARN_SUSPICIOUS_MOVE = YES;
				CLANG_WARN_UNGUARDED_AVAILABILITY = YES_AGGRESSIVE;
				CLANG_WARN_UNREACHABLE_CODE = YES;
				CLANG_WARN__DUPLICATE_METHOD_MATCH = YES;
				COPY_PHASE_STRIP = NO;
				DEBUG_INFORMATION_FORMAT = dwarf;
				ENABLE_STRICT_OBJC_MSGSEND = YES;
				ENABLE_TESTABILITY = YES;
				GCC_C_LANGUAGE_STANDARD = gnu11;
				GCC_DYNAMIC_NO_PIC = NO;
				GCC_NO_COMMON_BLOCKS = YES;
				GCC_OPTIMIZATION_LEVEL = 0;
				GCC_PREPROCESSOR_DEFINITIONS = (
					"DEBUG=1",
					"$(inherited)",
				);
				GCC_WARN_64_TO_32_BIT_CONVERSION = YES;
				GCC_WARN_ABOUT_RETURN_TYPE = YES_ERROR;
				GCC_WARN_UNDECLARED_SELECTOR = YES;
				GCC_WARN_UNINITIALIZED_AUTOS = YES_AGGRESSIVE;
				GCC_WARN_UNUSED_FUNCTION = YES;
				GCC_WARN_UNUSED_VARIABLE = YES;
				IPHONEOS_DEPLOYMENT_TARGET = 13.5;
				MTL_ENABLE_DEBUG_INFO = INCLUDE_SOURCE;
				MTL_FAST_MATH = YES;
				ONLY_ACTIVE_ARCH = YES;
				SDKROOT = iphoneos;
				SWIFT_ACTIVE_COMPILATION_CONDITIONS = DEBUG;
				SWIFT_OPTIMIZATION_LEVEL = "-Onone";
			};
			name = Debug;
		};
		FCF0A9762796DDEF00C75D23 /* Release */ = {
			isa = XCBuildConfiguration;
			buildSettings = {
				ALWAYS_SEARCH_USER_PATHS = NO;
				CLANG_ANALYZER_NONNULL = YES;
				CLANG_ANALYZER_NUMBER_OBJECT_CONVERSION = YES_AGGRESSIVE;
				CLANG_CXX_LANGUAGE_STANDARD = "gnu++14";
				CLANG_CXX_LIBRARY = "libc++";
				CLANG_ENABLE_MODULES = YES;
				CLANG_ENABLE_OBJC_ARC = YES;
				CLANG_ENABLE_OBJC_WEAK = YES;
				CLANG_WARN_BLOCK_CAPTURE_AUTORELEASING = YES;
				CLANG_WARN_BOOL_CONVERSION = YES;
				CLANG_WARN_COMMA = YES;
				CLANG_WARN_CONSTANT_CONVERSION = YES;
				CLANG_WARN_DEPRECATED_OBJC_IMPLEMENTATIONS = YES;
				CLANG_WARN_DIRECT_OBJC_ISA_USAGE = YES_ERROR;
				CLANG_WARN_DOCUMENTATION_COMMENTS = YES;
				CLANG_WARN_EMPTY_BODY = YES;
				CLANG_WARN_ENUM_CONVERSION = YES;
				CLANG_WARN_INFINITE_RECURSION = YES;
				CLANG_WARN_INT_CONVERSION = YES;
				CLANG_WARN_NON_LITERAL_NULL_CONVERSION = YES;
				CLANG_WARN_OBJC_IMPLICIT_RETAIN_SELF = YES;
				CLANG_WARN_OBJC_LITERAL_CONVERSION = YES;
				CLANG_WARN_OBJC_ROOT_CLASS = YES_ERROR;
				CLANG_WARN_RANGE_LOOP_ANALYSIS = YES;
				CLANG_WARN_STRICT_PROTOTYPES = YES;
				CLANG_WARN_SUSPICIOUS_MOVE = YES;
				CLANG_WARN_UNGUARDED_AVAILABILITY = YES_AGGRESSIVE;
				CLANG_WARN_UNREACHABLE_CODE = YES;
				CLANG_WARN__DUPLICATE_METHOD_MATCH = YES;
				COPY_PHASE_STRIP = NO;
				DEBUG_INFORMATION_FORMAT = "dwarf-with-dsym";
				ENABLE_NS_ASSERTIONS = NO;
				ENABLE_STRICT_OBJC_MSGSEND = YES;
				GCC_C_LANGUAGE_STANDARD = gnu11;
				GCC_NO_COMMON_BLOCKS = YES;
				GCC_WARN_64_TO_32_BIT_CONVERSION = YES;
				GCC_WARN_ABOUT_RETURN_TYPE = YES_ERROR;
				GCC_WARN_UNDECLARED_SELECTOR = YES;
				GCC_WARN_UNINITIALIZED_AUTOS = YES_AGGRESSIVE;
				GCC_WARN_UNUSED_FUNCTION = YES;
				GCC_WARN_UNUSED_VARIABLE = YES;
				IPHONEOS_DEPLOYMENT_TARGET = 13.5;
				MTL_ENABLE_DEBUG_INFO = NO;
				MTL_FAST_MATH = YES;
				SDKROOT = iphoneos;
				SWIFT_COMPILATION_MODE = wholemodule;
				SWIFT_OPTIMIZATION_LEVEL = "-O";
				VALIDATE_PRODUCT = YES;
			};
			name = Release;
		};
		FCF0A9782796DDEF00C75D23 /* Debug */ = {
			isa = XCBuildConfiguration;
			buildSettings = {
				ASSETCATALOG_COMPILER_APPICON_NAME = AppIcon;
				CODE_SIGN_STYLE = Automatic;
				DEVELOPMENT_TEAM = X8WXG2A4YN;
				INFOPLIST_FILE = CoupleTool/Info.plist;
				LD_RUNPATH_SEARCH_PATHS = (
					"$(inherited)",
					"@executable_path/Frameworks",
				);
				PRODUCT_BUNDLE_IDENTIFIER = idv.CoupleTool;
				PRODUCT_NAME = "$(TARGET_NAME)";
				SWIFT_VERSION = 5.0;
				TARGETED_DEVICE_FAMILY = "1,2";
			};
			name = Debug;
		};
		FCF0A9792796DDEF00C75D23 /* Release */ = {
			isa = XCBuildConfiguration;
			buildSettings = {
				ASSETCATALOG_COMPILER_APPICON_NAME = AppIcon;
				CODE_SIGN_STYLE = Automatic;
				DEVELOPMENT_TEAM = X8WXG2A4YN;
				INFOPLIST_FILE = CoupleTool/Info.plist;
				LD_RUNPATH_SEARCH_PATHS = (
					"$(inherited)",
					"@executable_path/Frameworks",
				);
				PRODUCT_BUNDLE_IDENTIFIER = idv.CoupleTool;
				PRODUCT_NAME = "$(TARGET_NAME)";
				SWIFT_VERSION = 5.0;
				TARGETED_DEVICE_FAMILY = "1,2";
			};
			name = Release;
		};
/* End XCBuildConfiguration section */

/* Begin XCConfigurationList section */
		FCF0A95E2796DDED00C75D23 /* Build configuration list for PBXProject "CoupleTool" */ = {
			isa = XCConfigurationList;
			buildConfigurations = (
				FCF0A9752796DDEF00C75D23 /* Debug */,
				FCF0A9762796DDEF00C75D23 /* Release */,
			);
			defaultConfigurationIsVisible = 0;
			defaultConfigurationName = Release;
		};
		FCF0A9772796DDEF00C75D23 /* Build configuration list for PBXNativeTarget "CoupleTool" */ = {
			isa = XCConfigurationList;
			buildConfigurations = (
				FCF0A9782796DDEF00C75D23 /* Debug */,
				FCF0A9792796DDEF00C75D23 /* Release */,
			);
			defaultConfigurationIsVisible = 0;
			defaultConfigurationName = Release;
		};
/* End XCConfigurationList section */
	};
	rootObject = FCF0A95B2796DDED00C75D23 /* Project object */;
}
